{
  "name": "ajs-node1",
  "version": "1.0.0",
  "lockfileVersion": 1,
  "requires": true,
  "dependencies": {
    "@lazy-ferret/ajs1": {
      "version": "1.0.0",
      "resolved": "https://npm.pkg.github.com/download/@lazy-ferret/ajs1/1.0.0/8481da4d8cd7355bd12d6dab183f1d44732b6ec333506900a351db1270468a33",
      "integrity": "sha512-C4ILBG3sfD/B0zBlYzNJDFeUyHE0um5PXn7jq+LjQ9xjWNWChmW+726lH1zfKO8MAGNU/HDKH6gKLsByurPPLg=="
    }
  }
}
